// !$*UTF8*$!
{
	archiveVersion = 1;
	classes = {
	};
	objectVersion = 46;
	objects = {

/* Begin PBXBuildFile section */
		AF11C6691CC67DCE00C3FC5B /* AppDelegate.swift in Sources */ = {isa = PBXBuildFile; fileRef = AF11C6681CC67DCE00C3FC5B /* AppDelegate.swift */; };
		AF11C66B1CC67DCE00C3FC5B /* ViewController.swift in Sources */ = {isa = PBXBuildFile; fileRef = AF11C66A1CC67DCE00C3FC5B /* ViewController.swift */; };
		AF11C66E1CC67DCE00C3FC5B /* Main.storyboard in Resources */ = {isa = PBXBuildFile; fileRef = AF11C66C1CC67DCE00C3FC5B /* Main.storyboard */; };
		AF11C6701CC67DCE00C3FC5B /* Assets.xcassets in Resources */ = {isa = PBXBuildFile; fileRef = AF11C66F1CC67DCE00C3FC5B /* Assets.xcassets */; };
		AF11C6731CC67DCE00C3FC5B /* LaunchScreen.storyboard in Resources */ = {isa = PBXBuildFile; fileRef = AF11C6711CC67DCE00C3FC5B /* LaunchScreen.storyboard */; };
		AF11C67B1CC6808700C3FC5B /* pokemon.csv in Resources */ = {isa = PBXBuildFile; fileRef = AF11C67A1CC6808700C3FC5B /* pokemon.csv */; };
/* End PBXBuildFile section */

/* Begin PBXFileReference section */
		AF11C6651CC67DCD00C3FC5B /* pokedex.app */ = {isa = PBXFileReference; explicitFileType = wrapper.application; includeInIndex = 0; path = pokedex.app; sourceTree = BUILT_PRODUCTS_DIR; };
		AF11C6681CC67DCE00C3FC5B /* AppDelegate.swift */ = {isa = PBXFileReference; lastKnownFileType = sourcecode.swift; path = AppDelegate.swift; sourceTree = "<group>"; };
		AF11C66A1CC67DCE00C3FC5B /* ViewController.swift */ = {isa = PBXFileReference; lastKnownFileType = sourcecode.swift; path = ViewController.swift; sourceTree = "<group>"; };
		AF11C66D1CC67DCE00C3FC5B /* Base */ = {isa = PBXFileReference; lastKnownFileType = file.storyboard; name = Base; path = Base.lproj/Main.storyboard; sourceTree = "<group>"; };
		AF11C66F1CC67DCE00C3FC5B /* Assets.xcassets */ = {isa = PBXFileReference; lastKnownFileType = folder.assetcatalog; path = Assets.xcassets; sourceTree = "<group>"; };
		AF11C6721CC67DCE00C3FC5B /* Base */ = {isa = PBXFileReference; lastKnownFileType = file.storyboard; name = Base; path = Base.lproj/LaunchScreen.storyboard; sourceTree = "<group>"; };
		AF11C6741CC67DCE00C3FC5B /* Info.plist */ = {isa = PBXFileReference; lastKnownFileType = text.plist.xml; path = Info.plist; sourceTree = "<group>"; };
		AF11C67A1CC6808700C3FC5B /* pokemon.csv */ = {isa = PBXFileReference; fileEncoding = 4; lastKnownFileType = text; path = pokemon.csv; sourceTree = "<group>"; };
/* End PBXFileReference section */

/* Begin PBXFrameworksBuildPhase section */
		AF11C6621CC67DCD00C3FC5B /* Frameworks */ = {
			isa = PBXFrameworksBuildPhase;
			buildActionMask = 2147483647;
			files = (
			);
			runOnlyForDeploymentPostprocessing = 0;
		};
/* End PBXFrameworksBuildPhase section */

/* Begin PBXGroup section */
		AF11C65C1CC67DCD00C3FC5B = {
			isa = PBXGroup;
			children = (
				AF11C6671CC67DCE00C3FC5B /* pokedex */,
				AF11C6661CC67DCD00C3FC5B /* Products */,
			);
			sourceTree = "<group>";
		};
		AF11C6661CC67DCD00C3FC5B /* Products */ = {
			isa = PBXGroup;
			children = (
				AF11C6651CC67DCD00C3FC5B /* pokedex.app */,
			);
			name = Products;
			sourceTree = "<group>";
		};
		AF11C6671CC67DCE00C3FC5B /* pokedex */ = {
			isa = PBXGroup;
			children = (
				AF11C6681CC67DCE00C3FC5B /* AppDelegate.swift */,
				AF11C66A1CC67DCE00C3FC5B /* ViewController.swift */,
				AF11C66C1CC67DCE00C3FC5B /* Main.storyboard */,
				AF11C67A1CC6808700C3FC5B /* pokemon.csv */,
				AF11C66F1CC67DCE00C3FC5B /* Assets.xcassets */,
				AF11C6711CC67DCE00C3FC5B /* LaunchScreen.storyboard */,
				AF11C6741CC67DCE00C3FC5B /* Info.plist */,
			);
			path = pokedex;
			sourceTree = "<group>";
		};
/* End PBXGroup section */

/* Begin PBXNativeTarget section */
		AF11C6641CC67DCD00C3FC5B /* pokedex */ = {
			isa = PBXNativeTarget;
			buildConfigurationList = AF11C6771CC67DCE00C3FC5B /* Build configuration list for PBXNativeTarget "pokedex" */;
			buildPhases = (
				AF11C6611CC67DCD00C3FC5B /* Sources */,
				AF11C6621CC67DCD00C3FC5B /* Frameworks */,
				AF11C6631CC67DCD00C3FC5B /* Resources */,
			);
			buildRules = (
			);
			dependencies = (
			);
			name = pokedex;
			productName = pokedex;
			productReference = AF11C6651CC67DCD00C3FC5B /* pokedex.app */;
			productType = "com.apple.product-type.application";
		};
/* End PBXNativeTarget section */

/* Begin PBXProject section */
		AF11C65D1CC67DCD00C3FC5B /* Project object */ = {
			isa = PBXProject;
			attributes = {
				LastSwiftUpdateCheck = 0730;
				LastUpgradeCheck = 0730;
				ORGANIZATIONNAME = "Luke Morse";
				TargetAttributes = {
					AF11C6641CC67DCD00C3FC5B = {
						CreatedOnToolsVersion = 7.3;
						DevelopmentTeam = 48WGY8KFKT;
					};
				};
			};
			buildConfigurationList = AF11C6601CC67DCD00C3FC5B /* Build configuration list for PBXProject "pokedex" */;
			compatibilityVersion = "Xcode 3.2";
			developmentRegion = English;
			hasScannedForEncodings = 0;
			knownRegions = (
				en,
				Base,
			);
			mainGroup = AF11C65C1CC67DCD00C3FC5B;
			productRefGroup = AF11C6661CC67DCD00C3FC5B /* Products */;
			projectDirPath = "";
			projectRoot = "";
			targets = (
				AF11C6641CC67DCD00C3FC5B /* pokedex */,
			);
		};
/* End PBXProject section */

/* Begin PBXResourcesBuildPhase section */
		AF11C6631CC67DCD00C3FC5B /* Resources */ = {
			isa = PBXResourcesBuildPhase;
			buildActionMask = 2147483647;
			files = (
				AF11C6731CC67DCE00C3FC5B /* LaunchScreen.storyboard in Resources */,
				AF11C6701CC67DCE00C3FC5B /* Assets.xcassets in Resources */,
				AF11C67B1CC6808700C3FC5B /* pokemon.csv in Resources */,
				AF11C66E1CC67DCE00C3FC5B /* Main.storyboard in Resources */,
			);
			runOnlyForDeploymentPostprocessing = 0;
		};
/* End PBXResourcesBuildPhase section */

/* Begin PBXSourcesBuildPhase section */
		AF11C6611CC67DCD00C3FC5B /* Sources */ = {
			isa = PBXSourcesBuildPhase;
			buildActionMask = 2147483647;
			files = (
				AF11C66B1CC67DCE00C3FC5B /* ViewController.swift in Sources */,
				AF11C6691CC67DCE00C3FC5B /* AppDelegate.swift in Sources */,
			);
			runOnlyForDeploymentPostprocessing = 0;
		};
/* End PBXSourcesBuildPhase section */

/* Begin PBXVariantGroup section */
		AF11C66C1CC67DCE00C3FC5B /* Main.storyboard */ = {
			isa = PBXVariantGroup;
			children = (
				AF11C66D1CC67DCE00C3FC5B /* Base */,
			);
			name = Main.storyboard;
			sourceTree = "<group>";
		};
		AF11C6711CC67DCE00C3FC5B /* LaunchScreen.storyboard */ = {
			isa = PBXVariantGroup;
			children = (
				AF11C6721CC67DCE00C3FC5B /* Base */,
			);
			name = LaunchScreen.storyboard;
			sourceTree = "<group>";
		};
/* End PBXVariantGroup section */

/* Begin XCBuildConfiguration section */
		AF11C6751CC67DCE00C3FC5B /* Debug */ = {
			isa = XCBuildConfiguration;
			buildSettings = {
				ALWAYS_SEARCH_USER_PATHS = NO;
				CLANG_ANALYZER_NONNULL = YES;
				CLANG_CXX_LANGUAGE_STANDARD = "gnu++0x";
				CLANG_CXX_LIBRARY = "libc++";
				CLANG_ENABLE_MODULES = YES;
				CLANG_ENABLE_OBJC_ARC = YES;
				CLANG_WARN_BOOL_CONVERSION = YES;
				CLANG_WARN_CONSTANT_CONVERSION = YES;
				CLANG_WARN_DIRECT_OBJC_ISA_USAGE = YES_ERROR;
				CLANG_WARN_EMPTY_BODY = YES;
				CLANG_WARN_ENUM_CONVERSION = YES;
				CLANG_WARN_INT_CONVERSION = YES;
				CLANG_WARN_OBJC_ROOT_CLASS = YES_ERROR;
				CLANG_WARN_UNREACHABLE_CODE = YES;
				CLANG_WARN__DUPLICATE_METHOD_MATCH = YES;
				"CODE_SIGN_IDENTITY[sdk=iphoneos*]" = "iPhone Developer";
				COPY_PHASE_STRIP = NO;
				DEBUG_INFORMATION_FORMAT = dwarf;
				ENABLE_STRICT_OBJC_MSGSEND = YES;
				ENABLE_TESTABILITY = YES;
				GCC_C_LANGUAGE_STANDARD = gnu99;
				GCC_DYNAMIC_NO_PIC = NO;
				GCC_NO_COMMON_BLOCKS = YES;
				GCC_OPTIMIZATION_LEVEL = 0;
				GCC_PREPROCESSOR_DEFINITIONS = (
					"DEBUG=1",
					"$(inherited)",
				);
				GCC_WARN_64_TO_32_BIT_CONVERSION = YES;
				GCC_WARN_ABOUT_RETURN_TYPE = YES_ERROR;
				GCC_WARN_UNDECLARED_SELECTOR = YES;
				GCC_WARN_UNINITIALIZED_AUTOS = YES_AGGRESSIVE;
				GCC_WARN_UNUSED_FUNCTION = YES;
				GCC_WARN_UNUSED_VARIABLE = YES;
				IPHONEOS_DEPLOYMENT_TARGET = 9.3;
				MTL_ENABLE_DEBUG_INFO = YES;
				ONLY_ACTIVE_ARCH = YES;
				SDKROOT = iphoneos;
				SWIFT_OPTIMIZATION_LEVEL = "-Onone";
				TARGETED_DEVICE_FAMILY = "1,2";
			};
			name = Debug;
		};
		AF11C6761CC67DCE00C3FC5B /* Release */ = {
			isa = XCBuildConfiguration;
			buildSettings = {
				ALWAYS_SEARCH_USER_PATHS = NO;
				CLANG_ANALYZER_NONNULL = YES;
				CLANG_CXX_LANGUAGE_STANDARD = "gnu++0x";
				CLANG_CXX_LIBRARY = "libc++";
				CLANG_ENABLE_MODULES = YES;
				CLANG_ENABLE_OBJC_ARC = YES;
				CLANG_WARN_BOOL_CONVERSION = YES;
				CLANG_WARN_CONSTANT_CONVERSION = YES;
				CLANG_WARN_DIRECT_OBJC_ISA_USAGE = YES_ERROR;
				CLANG_WARN_EMPTY_BODY = YES;
				CLANG_WARN_ENUM_CONVERSION = YES;
				CLANG_WARN_INT_CONVERSION = YES;
				CLANG_WARN_OBJC_ROOT_CLASS = YES_ERROR;
				CLANG_WARN_UNREACHABLE_CODE = YES;
				CLANG_WARN__DUPLICATE_METHOD_MATCH = YES;
				"CODE_SIGN_IDENTITY[sdk=iphoneos*]" = "iPhone Developer";
				COPY_PHASE_STRIP = NO;
				DEBUG_INFORMATION_FORMAT = "dwarf-with-dsym";
				ENABLE_NS_ASSERTIONS = NO;
				ENABLE_STRICT_OBJC_MSGSEND = YES;
				GCC_C_LANGUAGE_STANDARD = gnu99;
				GCC_NO_COMMON_BLOCKS = YES;
				GCC_WARN_64_TO_32_BIT_CONVERSION = YES;
				GCC_WARN_ABOUT_RETURN_TYPE = YES_ERROR;
				GCC_WARN_UNDECLARED_SELECTOR = YES;
				GCC_WARN_UNINITIALIZED_AUTOS = YES_AGGRESSIVE;
				GCC_WARN_UNUSED_FUNCTION = YES;
				GCC_WARN_UNUSED_VARIABLE = YES;
				IPHONEOS_DEPLOYMENT_TARGET = 9.3;
				MTL_ENABLE_DEBUG_INFO = NO;
				SDKROOT = iphoneos;
				TARGETED_DEVICE_FAMILY = "1,2";
				VALIDATE_PRODUCT = YES;
			};
			name = Release;
		};
		AF11C6781CC67DCE00C3FC5B /* Debug */ = {
			isa = XCBuildConfiguration;
			buildSettings = {
				ASSETCATALOG_COMPILER_APPICON_NAME = AppIcon;
				INFOPLIST_FILE = pokedex/Info.plist;
				LD_RUNPATH_SEARCH_PATHS = "$(inherited) @executable_path/Frameworks";
				PRODUCT_BUNDLE_IDENTIFIER = com.Lukemorse.pokedex;
				PRODUCT_NAME = "$(TARGET_NAME)";
			};
			name = Debug;
		};
		AF11C6791CC67DCE00C3FC5B /* Release */ = {
			isa = XCBuildConfiguration;
			buildSettings = {
				ASSETCATALOG_COMPILER_APPICON_NAME = AppIcon;
				INFOPLIST_FILE = pokedex/Info.plist;
				LD_RUNPATH_SEARCH_PATHS = "$(inherited) @executable_path/Frameworks";
				PRODUCT_BUNDLE_IDENTIFIER = com.Lukemorse.pokedex;
				PRODUCT_NAME = "$(TARGET_NAME)";
			};
			name = Release;
		};
/* End XCBuildConfiguration section */

/* Begin XCConfigurationList section */
		AF11C6601CC67DCD00C3FC5B /* Build configuration list for PBXProject "pokedex" */ = {
			isa = XCConfigurationList;
			buildConfigurations = (
				AF11C6751CC67DCE00C3FC5B /* Debug */,
				AF11C6761CC67DCE00C3FC5B /* Release */,
			);
			defaultConfigurationIsVisible = 0;
			defaultConfigurationName = Release;
		};
		AF11C6771CC67DCE00C3FC5B /* Build configuration list for PBXNativeTarget "pokedex" */ = {
			isa = XCConfigurationList;
			buildConfigurations = (
				AF11C6781CC67DCE00C3FC5B /* Debug */,
				AF11C6791CC67DCE00C3FC5B /* Release */,
			);
			defaultConfigurationIsVisible = 0;
		};
/* End XCConfigurationList section */
	};
	rootObject = AF11C65D1CC67DCD00C3FC5B /* Project object */;
}
